
Microsoft Visual Studio Solution File, Format Version 12.00
# Visual Studio 15
VisualStudioVersion = 15.0.26730.12
MinimumVisualStudioVersion = 10.0.40219.1
Project("{FAE04EC0-301F-11D3-BF4B-00C04F79EFBC}") = "SQLBeam.LoggingExtensions", "SQLBeam.LoggingExtensions\SQLBeam.LoggingExtensions.csproj", "{7B7D6DB0-3414-48C2-B2C5-F814A4CCABA0}"
EndProject
Project("{FAE04EC0-301F-11D3-BF4B-00C04F79EFBC}") = "SQLBeam.TaskLoader", "SQLBeam.TaskLoader\SQLBeam.TaskLoader.csproj", "{36DC18A4-1355-477A-83D7-6CB62638C5DE}"
EndProject
Project("{FAE04EC0-301F-11D3-BF4B-00C04F79EFBC}") = "SQLBeam.Console", "SQLBeam.Console\SQLBeam.Console.csproj", "{A9102DA2-52F5-4FA1-8AF4-D9868287891F}"
EndProject
Project("{FAE04EC0-301F-11D3-BF4B-00C04F79EFBC}") = "SQLBeam.WebAPI", "SQLBeam.WebAPI\SQLBeam.WebAPI.csproj", "{93F76EFF-A715-4876-868F-19E441B76C1A}"
EndProject
Project("{FAE04EC0-301F-11D3-BF4B-00C04F79EFBC}") = "SQLBeam.Core", "SQLBeam.Core\SQLBeam.Core.csproj", "{02EFAA36-94D7-460F-893F-A23A788EDFBE}"
EndProject
Global
	GlobalSection(SolutionConfigurationPlatforms) = preSolution
		Debug|Any CPU = Debug|Any CPU
		Release|Any CPU = Release|Any CPU
	EndGlobalSection
	GlobalSection(ProjectConfigurationPlatforms) = postSolution
		{7B7D6DB0-3414-48C2-B2C5-F814A4CCABA0}.Debug|Any CPU.ActiveCfg = Debug|Any CPU
		{7B7D6DB0-3414-48C2-B2C5-F814A4CCABA0}.Debug|Any CPU.Build.0 = Debug|Any CPU
		{7B7D6DB0-3414-48C2-B2C5-F814A4CCABA0}.Release|Any CPU.ActiveCfg = Release|Any CPU
		{7B7D6DB0-3414-48C2-B2C5-F814A4CCABA0}.Release|Any CPU.Build.0 = Release|Any CPU
		{36DC18A4-1355-477A-83D7-6CB62638C5DE}.Debug|Any CPU.ActiveCfg = Debug|Any CPU
		{36DC18A4-1355-477A-83D7-6CB62638C5DE}.Debug|Any CPU.Build.0 = Debug|Any CPU
		{36DC18A4-1355-477A-83D7-6CB62638C5DE}.Release|Any CPU.ActiveCfg = Release|Any CPU
		{36DC18A4-1355-477A-83D7-6CB62638C5DE}.Release|Any CPU.Build.0 = Release|Any CPU
		{A9102DA2-52F5-4FA1-8AF4-D9868287891F}.Debug|Any CPU.ActiveCfg = Debug|Any CPU
		{A9102DA2-52F5-4FA1-8AF4-D9868287891F}.Debug|Any CPU.Build.0 = Debug|Any CPU
		{A9102DA2-52F5-4FA1-8AF4-D9868287891F}.Release|Any CPU.ActiveCfg = Release|Any CPU
		{A9102DA2-52F5-4FA1-8AF4-D9868287891F}.Release|Any CPU.Build.0 = Release|Any CPU
		{93F76EFF-A715-4876-868F-19E441B76C1A}.Debug|Any CPU.ActiveCfg = Debug|Any CPU
		{93F76EFF-A715-4876-868F-19E441B76C1A}.Debug|Any CPU.Build.0 = Debug|Any CPU
		{93F76EFF-A715-4876-868F-19E441B76C1A}.Release|Any CPU.ActiveCfg = Release|Any CPU
		{93F76EFF-A715-4876-868F-19E441B76C1A}.Release|Any CPU.Build.0 = Release|Any CPU
		{02EFAA36-94D7-460F-893F-A23A788EDFBE}.Debug|Any CPU.ActiveCfg = Debug|Any CPU
		{02EFAA36-94D7-460F-893F-A23A788EDFBE}.Debug|Any CPU.Build.0 = Debug|Any CPU
		{02EFAA36-94D7-460F-893F-A23A788EDFBE}.Release|Any CPU.ActiveCfg = Release|Any CPU
		{02EFAA36-94D7-460F-893F-A23A788EDFBE}.Release|Any CPU.Build.0 = Release|Any CPU
	EndGlobalSection
	GlobalSection(SolutionProperties) = preSolution
		HideSolutionNode = FALSE
	EndGlobalSection
	GlobalSection(ExtensibilityGlobals) = postSolution
		SolutionGuid = {1F570C1A-DBF4-4C98-911F-B1E6768BB8C1}
	EndGlobalSection
EndGlobal
